
Microsoft Visual Studio Solution File, Format Version 12.00
# Visual Studio Version 17
VisualStudioVersion = 17.7.34031.279
MinimumVisualStudioVersion = 10.0.40219.1
Project("{8BC9CEB8-8B4A-11D0-8D11-00A0C91BC942}") = "calculator", "calculator\calculator.vcxproj", "{67359F02-0426-4E05-A996-0F43B4C4DD8C}"
EndProject
Global
	GlobalSection(SolutionConfigurationPlatforms) = preSolution
		Debug|x64 = Debug|x64
		Debug|x86 = Debug|x86
		Release|x64 = Release|x64
		Release|x86 = Release|x86
	EndGlobalSection
	GlobalSection(ProjectConfigurationPlatforms) = postSolution
		{67359F02-0426-4E05-A996-0F43B4C4DD8C}.Debug|x64.ActiveCfg = Debug|x64
		{67359F02-0426-4E05-A996-0F43B4C4DD8C}.Debug|x64.Build.0 = Debug|x64
		{67359F02-0426-4E05-A996-0F43B4C4DD8C}.Debug|x86.ActiveCfg = Debug|Win32
		{67359F02-0426-4E05-A996-0F43B4C4DD8C}.Debug|x86.Build.0 = Debug|Win32
		{67359F02-0426-4E05-A996-0F43B4C4DD8C}.Release|x64.ActiveCfg = Release|x64
		{67359F02-0426-4E05-A996-0F43B4C4DD8C}.Release|x64.Build.0 = Release|x64
		{67359F02-0426-4E05-A996-0F43B4C4DD8C}.Release|x86.ActiveCfg = Release|Win32
		{67359F02-0426-4E05-A996-0F43B4C4DD8C}.Release|x86.Build.0 = Release|Win32
	EndGlobalSection
	GlobalSection(SolutionProperties) = preSolution
		HideSolutionNode = FALSE
	EndGlobalSection
	GlobalSection(ExtensibilityGlobals) = postSolution
		SolutionGuid = {BF4DCD1B-EEF8-4FD4-8E14-A2E795E3B2B4}
	EndGlobalSection
EndGlobal
